{
  "name": "castlecss-buttons",
  "version": "1.0.0",
  "lockfileVersion": 1,
  "requires": true,
  "dependencies": {
    "castlecss-core": {
      "version": "2.5.0",
      "resolved": "https://registry.npmjs.org/castlecss-core/-/castlecss-core-2.5.0.tgz",
      "integrity": "sha1-uL+Y9c5EGA/K45mpQbzPMG2xeU8="
    }
  }
}
